
Microsoft Visual Studio Solution File, Format Version 12.00
# Visual Studio Version 16
VisualStudioVersion = 16.0.28803.156
MinimumVisualStudioVersion = 10.0.40219.1
Project("{FAE04EC0-301F-11D3-BF4B-00C04F79EFBC}") = "FileUploadSample", "FileUploadSample\FileUploadSample.csproj", "{0633AC5A-B2A2-4430-B328-272D840A3A02}"
EndProject
Global
	GlobalSection(SolutionConfigurationPlatforms) = preSolution
		Debug|Any CPU = Debug|Any CPU
		Release|Any CPU = Release|Any CPU
	EndGlobalSection
	GlobalSection(ProjectConfigurationPlatforms) = postSolution
		{0633AC5A-B2A2-4430-B328-272D840A3A02}.Debug|Any CPU.ActiveCfg = Debug|Any CPU
		{0633AC5A-B2A2-4430-B328-272D840A3A02}.Debug|Any CPU.Build.0 = Debug|Any CPU
		{0633AC5A-B2A2-4430-B328-272D840A3A02}.Release|Any CPU.ActiveCfg = Release|Any CPU
		{0633AC5A-B2A2-4430-B328-272D840A3A02}.Release|Any CPU.Build.0 = Release|Any CPU
	EndGlobalSection
	GlobalSection(SolutionProperties) = preSolution
		HideSolutionNode = FALSE
	EndGlobalSection
	GlobalSection(ExtensibilityGlobals) = postSolution
		SolutionGuid = {78B81E59-CB76-41C2-9244-D22FC4E26623}
	EndGlobalSection
EndGlobal
